{
  "requires": true,
  "lockfileVersion": 1,
  "dependencies": {
    "multichain-node": {
      "version": "2.1.6-version1.0.2",
      "resolved": "https://registry.npmjs.org/multichain-node/-/multichain-node-2.1.6-version1.0.2.tgz",
      "integrity": "sha512-x/nw6rBHeuqEL2Sg6Hw4tYC8Gvdl3rX2Um5/0OO3bDTatQT2HZtsSgoHOdlJDwk1r0ZHK24ryk+ziQboyKQGCg=="
    }
  }
}
